// !$*UTF8*$!
{
	archiveVersion = 1;
	classes = {
	};
	objectVersion = 77;
	objects = {

/* Begin PBXBuildFile section */
		E01814A62F137F500093583F /* Sparkle in Frameworks */ = {isa = PBXBuildFile; productRef = E01814A52F137F500093583F /* Sparkle */; };
		E0361AD02E879EC400A37772 /* libbsm.tbd in Frameworks */ = {isa = PBXBuildFile; fileRef = E0361ACF2E879EC300A37772 /* libbsm.tbd */; };
		E050B4422E86FB34003AEA49 /* libEndpointSecurity.tbd in Frameworks */ = {isa = PBXBuildFile; fileRef = E050B4412E86FB34003AEA49 /* libEndpointSecurity.tbd */; };
		E050B44A2E86FB35003AEA49 /* com.TranPhuong319.AppLocker.ESExtension.systemextension in Embed System Extensions */ = {isa = PBXBuildFile; fileRef = E050B4402E86FB33003AEA49 /* com.TranPhuong319.AppLocker.ESExtension.systemextension */; settings = {ATTRIBUTES = (RemoveHeadersOnCopy, ); }; };
		E0749BE42E96D7CD003CD67D /* Launcher.app in Copy Launcher */ = {isa = PBXBuildFile; fileRef = E07075962E38BA97001C7950 /* Launcher.app */; settings = {ATTRIBUTES = (RemoveHeadersOnCopy, ); }; };
		E0749BE52E96D85B003CD67D /* com.TranPhuong319.AppLocker.Helper in Copy Helper */ = {isa = PBXBuildFile; fileRef = E0D4C0652E419DAD003C40E3 /* com.TranPhuong319.AppLocker.Helper */; settings = {ATTRIBUTES = (CodeSignOnCopy, ); }; };
		E0B278AB2E7F7805004BC47F /* Sparkle in Frameworks */ = {isa = PBXBuildFile; productRef = E04FC7982E5DBE570016518D /* Sparkle */; };
		E0B6A16E2F191BE700EAE136 /* AppLocker Launcher.app in Login Items */ = {isa = PBXBuildFile; fileRef = E08AAFD82F17FBAC008C97FC /* AppLocker Launcher.app */; settings = {ATTRIBUTES = (RemoveHeadersOnCopy, ); }; };
		E0CC0D852E7C82D000A7569B /* Sparkle in Frameworks */ = {isa = PBXBuildFile; productRef = E0DC1DD82E5DBADF002B454C /* Sparkle */; };
/* End PBXBuildFile section */

/* Begin PBXContainerItemProxy section */
		E050B4482E86FB35003AEA49 /* PBXContainerItemProxy */ = {
			isa = PBXContainerItemProxy;
			containerPortal = E0EF51A22E31558800161CAB /* Project object */;
			proxyType = 1;
			remoteGlobalIDString = E050B43F2E86FB33003AEA49;
			remoteInfo = AppLockerEndpointSecurity;
		};
/* End PBXContainerItemProxy section */

/* Begin PBXCopyFilesBuildPhase section */
		E050B44B2E86FB35003AEA49 /* Embed System Extensions */ = {
			isa = PBXCopyFilesBuildPhase;
			buildActionMask = 2147483647;
			dstPath = "$(SYSTEM_EXTENSIONS_FOLDER_PATH)";
			dstSubfolderSpec = 16;
			files = (
				E050B44A2E86FB35003AEA49 /* com.TranPhuong319.AppLocker.ESExtension.systemextension in Embed System Extensions */,
			);
			name = "Embed System Extensions";
			runOnlyForDeploymentPostprocessing = 0;
		};
		E058BA142E5A03FC0002D0D2 /* Launch Daemons */ = {
			isa = PBXCopyFilesBuildPhase;
			buildActionMask = 2147483647;
			dstPath = Contents/Library/LaunchDaemons;
			dstSubfolderSpec = 1;
			files = (
			);
			name = "Launch Daemons";
			runOnlyForDeploymentPostprocessing = 0;
		};
		E06B45C82E5A9C5400323A53 /* Copy Helper */ = {
			isa = PBXCopyFilesBuildPhase;
			buildActionMask = 2147483647;
			dstPath = "";
			dstSubfolderSpec = 6;
			files = (
				E0749BE52E96D85B003CD67D /* com.TranPhuong319.AppLocker.Helper in Copy Helper */,
			);
			name = "Copy Helper";
			runOnlyForDeploymentPostprocessing = 0;
		};
		E0749BE32E96D7AB003CD67D /* Copy Launcher */ = {
			isa = PBXCopyFilesBuildPhase;
			buildActionMask = 2147483647;
			dstPath = "";
			dstSubfolderSpec = 7;
			files = (
				E0749BE42E96D7CD003CD67D /* Launcher.app in Copy Launcher */,
			);
			name = "Copy Launcher";
			runOnlyForDeploymentPostprocessing = 0;
		};
		E0749BE62E96D8BE003CD67D /* Launch Agents */ = {
			isa = PBXCopyFilesBuildPhase;
			buildActionMask = 2147483647;
			dstPath = Contents/Library/LaunchAgents;
			dstSubfolderSpec = 1;
			files = (
			);
			name = "Launch Agents";
			runOnlyForDeploymentPostprocessing = 0;
		};
		E0B6A16D2F191BBA00EAE136 /* Login Items */ = {
			isa = PBXCopyFilesBuildPhase;
			buildActionMask = 2147483647;
			dstPath = Contents/Library/LoginItems;
			dstSubfolderSpec = 1;
			files = (
				E0B6A16E2F191BE700EAE136 /* AppLocker Launcher.app in Login Items */,
			);
			name = "Login Items";
			runOnlyForDeploymentPostprocessing = 0;
		};
/* End PBXCopyFilesBuildPhase section */

/* Begin PBXFileReference section */
		E0361ACF2E879EC300A37772 /* libbsm.tbd */ = {isa = PBXFileReference; lastKnownFileType = "sourcecode.text-based-dylib-definition"; name = libbsm.tbd; path = usr/lib/libbsm.tbd; sourceTree = SDKROOT; };
		E050B4402E86FB33003AEA49 /* com.TranPhuong319.AppLocker.ESExtension.systemextension */ = {isa = PBXFileReference; explicitFileType = "wrapper.system-extension"; includeInIndex = 0; path = com.TranPhuong319.AppLocker.ESExtension.systemextension; sourceTree = BUILT_PRODUCTS_DIR; };
		E050B4412E86FB34003AEA49 /* libEndpointSecurity.tbd */ = {isa = PBXFileReference; lastKnownFileType = "sourcecode.text-based-dylib-definition"; name = libEndpointSecurity.tbd; path = usr/lib/libEndpointSecurity.tbd; sourceTree = SDKROOT; };
		E07075962E38BA97001C7950 /* Launcher.app */ = {isa = PBXFileReference; explicitFileType = wrapper.application; includeInIndex = 0; path = Launcher.app; sourceTree = BUILT_PRODUCTS_DIR; };
		E08AAFD82F17FBAC008C97FC /* AppLocker Launcher.app */ = {isa = PBXFileReference; explicitFileType = wrapper.application; includeInIndex = 0; path = "AppLocker Launcher.app"; sourceTree = BUILT_PRODUCTS_DIR; };
		E0D4C0652E419DAD003C40E3 /* com.TranPhuong319.AppLocker.Helper */ = {isa = PBXFileReference; explicitFileType = "compiled.mach-o.executable"; includeInIndex = 0; path = com.TranPhuong319.AppLocker.Helper; sourceTree = BUILT_PRODUCTS_DIR; };
		E0EF51AA2E31558900161CAB /* AppLocker.app */ = {isa = PBXFileReference; explicitFileType = wrapper.application; includeInIndex = 0; path = AppLocker.app; sourceTree = BUILT_PRODUCTS_DIR; };
/* End PBXFileReference section */

/* Begin PBXFileSystemSynchronizedBuildFileExceptionSet section */
		E0361B032E87E7E800A37772 /* Exceptions for "AppLocker" folder in "ESExtension" target */ = {
			isa = PBXFileSystemSynchronizedBuildFileExceptionSet;
			membershipExceptions = (
				Core/LockedAppConfig.swift,
			);
			target = E050B43F2E86FB33003AEA49 /* ESExtension */;
		};
		E03BC41D2E5E1B25001C181D /* Exceptions for "Launcher" folder in "Launcher" target */ = {
			isa = PBXFileSystemSynchronizedBuildFileExceptionSet;
			membershipExceptions = (
				Info.plist,
			);
			target = E07075952E38BA97001C7950 /* Launcher */;
		};
		E03BC4AD2E5E2043001C181D /* Exceptions for "AppLocker" folder in "AppLocker" target */ = {
			isa = PBXFileSystemSynchronizedBuildFileExceptionSet;
			membershipExceptions = (
				com.TranPhuong319.AppLocker.agent.plist,
				Info.plist,
			);
			target = E0EF51A92E31558900161CAB /* AppLocker */;
		};
		E0749BDB2E96D4D8003CD67D /* Exceptions for "Shared" folder in "AppLockerHelper" target */ = {
			isa = PBXFileSystemSynchronizedBuildFileExceptionSet;
			membershipExceptions = (
				AuthenticationManager.swift,
				ESAppProtocol.swift,
				ESXPCProtocol.swift,
			);
			target = E0D4C0642E419DAD003C40E3 /* AppLockerHelper */;
		};
		E0749BE12E96D5DA003CD67D /* Exceptions for "Shared" folder in "Launcher" target */ = {
			isa = PBXFileSystemSynchronizedBuildFileExceptionSet;
			membershipExceptions = (
				ESAppProtocol.swift,
				ESXPCProtocol.swift,
			);
			target = E07075952E38BA97001C7950 /* Launcher */;
		};
		E0749BE22E96D5F2003CD67D /* Exceptions for "Shared" folder in "ESExtension" target */ = {
			isa = PBXFileSystemSynchronizedBuildFileExceptionSet;
			membershipExceptions = (
				"/Localized: InfoPlist.strings",
				AppLockerHelperProtocol.swift,
				AuthenticationManager.swift,
			);
			target = E050B43F2E86FB33003AEA49 /* ESExtension */;
		};
		E076EEFE2E883E48009F465F /* Exceptions for "ESExtension" folder in "ESExtension" target */ = {
			isa = PBXFileSystemSynchronizedBuildFileExceptionSet;
			membershipExceptions = (
				Info.plist,
			);
			target = E050B43F2E86FB33003AEA49 /* ESExtension */;
		};
		E0D064042E93EE7C006B0E4B /* Exceptions for "Extensions" folder in "ESExtension" target */ = {
			isa = PBXFileSystemSynchronizedBuildFileExceptionSet;
			membershipExceptions = (
				AppInfo.swift,
				ComputeSHA.swift,
				FuzzySearcch.swift,
			);
			target = E050B43F2E86FB33003AEA49 /* ESExtension */;
		};
/* End PBXFileSystemSynchronizedBuildFileExceptionSet section */

/* Begin PBXFileSystemSynchronizedGroupBuildPhaseMembershipExceptionSet section */
		E0749BDF2E96D580003CD67D /* Exceptions for "AppLockerHelper" folder in "Launch Daemons" phase from "AppLocker" target */ = {
			isa = PBXFileSystemSynchronizedGroupBuildPhaseMembershipExceptionSet;
			attributesByRelativePath = {
				com.TranPhuong319.AppLocker.Helper.plist = (CodeSignOnCopy, );
			};
			buildPhase = E058BA142E5A03FC0002D0D2 /* Launch Daemons */;
			membershipExceptions = (
				com.TranPhuong319.AppLocker.Helper.plist,
			);
		};
		E0749BE82E96D8E5003CD67D /* Exceptions for "AppLocker" folder in "Launch Agents" phase from "AppLocker" target */ = {
			isa = PBXFileSystemSynchronizedGroupBuildPhaseMembershipExceptionSet;
			attributesByRelativePath = {
				com.TranPhuong319.AppLocker.agent.plist = (CodeSignOnCopy, );
			};
			buildPhase = E0749BE62E96D8BE003CD67D /* Launch Agents */;
			membershipExceptions = (
				com.TranPhuong319.AppLocker.agent.plist,
			);
		};
/* End PBXFileSystemSynchronizedGroupBuildPhaseMembershipExceptionSet section */

/* Begin PBXFileSystemSynchronizedRootGroup section */
		E01ADC7E2E7D936700BE719D /* Extensions */ = {
			isa = PBXFileSystemSynchronizedRootGroup;
			exceptions = (
				E0D064042E93EE7C006B0E4B /* Exceptions for "Extensions" folder in "ESExtension" target */,
			);
			path = Extensions;
			sourceTree = "<group>";
		};
		E01ADC8A2E7D93A000BE719D /* Shared */ = {
			isa = PBXFileSystemSynchronizedRootGroup;
			exceptions = (
				E0749BE12E96D5DA003CD67D /* Exceptions for "Shared" folder in "Launcher" target */,
				E0749BDB2E96D4D8003CD67D /* Exceptions for "Shared" folder in "AppLockerHelper" target */,
				E0749BE22E96D5F2003CD67D /* Exceptions for "Shared" folder in "ESExtension" target */,
			);
			path = Shared;
			sourceTree = "<group>";
		};
		E050B4432E86FB34003AEA49 /* ESExtension */ = {
			isa = PBXFileSystemSynchronizedRootGroup;
			exceptions = (
				E076EEFE2E883E48009F465F /* Exceptions for "ESExtension" folder in "ESExtension" target */,
			);
			path = ESExtension;
			sourceTree = "<group>";
		};
		E07075972E38BA97001C7950 /* Launcher */ = {
			isa = PBXFileSystemSynchronizedRootGroup;
			exceptions = (
				E03BC41D2E5E1B25001C181D /* Exceptions for "Launcher" folder in "Launcher" target */,
			);
			path = Launcher;
			sourceTree = "<group>";
		};
		E08AAFD92F17FBAC008C97FC /* AppLocker Launcher */ = {
			isa = PBXFileSystemSynchronizedRootGroup;
			path = "AppLocker Launcher";
			sourceTree = "<group>";
		};
		E0D4C0662E419DAD003C40E3 /* AppLockerHelper */ = {
			isa = PBXFileSystemSynchronizedRootGroup;
			exceptions = (
				E0749BDF2E96D580003CD67D /* Exceptions for "AppLockerHelper" folder in "Launch Daemons" phase from "AppLocker" target */,
			);
			path = AppLockerHelper;
			sourceTree = "<group>";
		};
		E0EF51AC2E31558900161CAB /* AppLocker */ = {
			isa = PBXFileSystemSynchronizedRootGroup;
			exceptions = (
				E03BC4AD2E5E2043001C181D /* Exceptions for "AppLocker" folder in "AppLocker" target */,
				E0749BE82E96D8E5003CD67D /* Exceptions for "AppLocker" folder in "Launch Agents" phase from "AppLocker" target */,
				E0361B032E87E7E800A37772 /* Exceptions for "AppLocker" folder in "ESExtension" target */,
			);
			explicitFileTypes = {
				com.TranPhuong319.AppLocker.agent.plist = text.plist.xml;
			};
			path = AppLocker;
			sourceTree = "<group>";
		};
/* End PBXFileSystemSynchronizedRootGroup section */

/* Begin PBXFrameworksBuildPhase section */
		E04B8EA72E5D852900BE7903 /* Frameworks */ = {
			isa = PBXFrameworksBuildPhase;
			buildActionMask = 2147483647;
			files = (
				E01814A62F137F500093583F /* Sparkle in Frameworks */,
				E0B278AB2E7F7805004BC47F /* Sparkle in Frameworks */,
				E0CC0D852E7C82D000A7569B /* Sparkle in Frameworks */,
			);
			runOnlyForDeploymentPostprocessing = 0;
		};
		E050B43D2E86FB33003AEA49 /* Frameworks */ = {
			isa = PBXFrameworksBuildPhase;
			buildActionMask = 2147483647;
			files = (
				E0361AD02E879EC400A37772 /* libbsm.tbd in Frameworks */,
				E050B4422E86FB34003AEA49 /* libEndpointSecurity.tbd in Frameworks */,
			);
			runOnlyForDeploymentPostprocessing = 0;
		};
		E08AAFD52F17FBAC008C97FC /* Frameworks */ = {
			isa = PBXFrameworksBuildPhase;
			buildActionMask = 2147483647;
			files = (
			);
			runOnlyForDeploymentPostprocessing = 0;
		};
		E090EB592F120B59002EF366 /* Frameworks */ = {
			isa = PBXFrameworksBuildPhase;
			buildActionMask = 2147483647;
			files = (
			);
			runOnlyForDeploymentPostprocessing = 0;
		};
		E0D4C0622E419DAD003C40E3 /* Frameworks */ = {
			isa = PBXFrameworksBuildPhase;
			buildActionMask = 2147483647;
			files = (
			);
			runOnlyForDeploymentPostprocessing = 0;
		};
/* End PBXFrameworksBuildPhase section */

/* Begin PBXGroup section */
		E0B2790A2E7FB16C004BC47F /* Frameworks */ = {
			isa = PBXGroup;
			children = (
				E0361ACF2E879EC300A37772 /* libbsm.tbd */,
				E050B4412E86FB34003AEA49 /* libEndpointSecurity.tbd */,
			);
			name = Frameworks;
			sourceTree = "<group>";
		};
		E0EF51A12E31558800161CAB = {
			isa = PBXGroup;
			children = (
				E0EF51AC2E31558900161CAB /* AppLocker */,
				E0D4C0662E419DAD003C40E3 /* AppLockerHelper */,
				E01ADC7E2E7D936700BE719D /* Extensions */,
				E07075972E38BA97001C7950 /* Launcher */,
				E050B4432E86FB34003AEA49 /* ESExtension */,
				E08AAFD92F17FBAC008C97FC /* AppLocker Launcher */,
				E0EF51AB2E31558900161CAB /* Products */,
				E01ADC8A2E7D93A000BE719D /* Shared */,
				E0B2790A2E7FB16C004BC47F /* Frameworks */,
			);
			sourceTree = "<group>";
			usesTabs = 0;
		};
		E0EF51AB2E31558900161CAB /* Products */ = {
			isa = PBXGroup;
			children = (
				E0EF51AA2E31558900161CAB /* AppLocker.app */,
				E07075962E38BA97001C7950 /* Launcher.app */,
				E0D4C0652E419DAD003C40E3 /* com.TranPhuong319.AppLocker.Helper */,
				E050B4402E86FB33003AEA49 /* com.TranPhuong319.AppLocker.ESExtension.systemextension */,
				E08AAFD82F17FBAC008C97FC /* AppLocker Launcher.app */,
			);
			name = Products;
			sourceTree = "<group>";
		};
/* End PBXGroup section */

/* Begin PBXNativeTarget section */
		E050B43F2E86FB33003AEA49 /* ESExtension */ = {
			isa = PBXNativeTarget;
			buildConfigurationList = E050B44E2E86FB35003AEA49 /* Build configuration list for PBXNativeTarget "ESExtension" */;
			buildPhases = (
				E050B43C2E86FB33003AEA49 /* Sources */,
				E050B43D2E86FB33003AEA49 /* Frameworks */,
				E076EEFD2E883E48009F465F /* Resources */,
			);
			buildRules = (
			);
			dependencies = (
			);
			fileSystemSynchronizedGroups = (
				E01ADC8A2E7D93A000BE719D /* Shared */,
				E050B4432E86FB34003AEA49 /* ESExtension */,
			);
			name = ESExtension;
			packageProductDependencies = (
			);
			productName = AppLockerEndpointSecurity;
			productReference = E050B4402E86FB33003AEA49 /* com.TranPhuong319.AppLocker.ESExtension.systemextension */;
			productType = "com.apple.product-type.system-extension";
		};
		E07075952E38BA97001C7950 /* Launcher */ = {
			isa = PBXNativeTarget;
			buildConfigurationList = E070759F2E38BA9E001C7950 /* Build configuration list for PBXNativeTarget "Launcher" */;
			buildPhases = (
				E07075922E38BA97001C7950 /* Sources */,
				E07075942E38BA97001C7950 /* Resources */,
				E090EB592F120B59002EF366 /* Frameworks */,
			);
			buildRules = (
			);
			dependencies = (
			);
			fileSystemSynchronizedGroups = (
				E01ADC7E2E7D936700BE719D /* Extensions */,
				E01ADC8A2E7D93A000BE719D /* Shared */,
				E07075972E38BA97001C7950 /* Launcher */,
			);
			name = Launcher;
			packageProductDependencies = (
			);
			productName = Launcher;
			productReference = E07075962E38BA97001C7950 /* Launcher.app */;
			productType = "com.apple.product-type.application";
		};
		E08AAFD72F17FBAC008C97FC /* AppLocker Launcher */ = {
			isa = PBXNativeTarget;
			buildConfigurationList = E08AAFE22F17FBBA008C97FC /* Build configuration list for PBXNativeTarget "AppLocker Launcher" */;
			buildPhases = (
				E08AAFD42F17FBAC008C97FC /* Sources */,
				E08AAFD52F17FBAC008C97FC /* Frameworks */,
				E08AAFD62F17FBAC008C97FC /* Resources */,
			);
			buildRules = (
			);
			dependencies = (
			);
			fileSystemSynchronizedGroups = (
				E08AAFD92F17FBAC008C97FC /* AppLocker Launcher */,
			);
			name = "AppLocker Launcher";
			packageProductDependencies = (
			);
			productName = "AppLocker Launcher";
			productReference = E08AAFD82F17FBAC008C97FC /* AppLocker Launcher.app */;
			productType = "com.apple.product-type.application";
		};
		E0D4C0642E419DAD003C40E3 /* AppLockerHelper */ = {
			isa = PBXNativeTarget;
			buildConfigurationList = E0D4C0692E419DAD003C40E3 /* Build configuration list for PBXNativeTarget "AppLockerHelper" */;
			buildPhases = (
				E0D4C0612E419DAD003C40E3 /* Sources */,
				E0D4C0622E419DAD003C40E3 /* Frameworks */,
			);
			buildRules = (
			);
			dependencies = (
			);
			fileSystemSynchronizedGroups = (
				E01ADC8A2E7D93A000BE719D /* Shared */,
				E0D4C0662E419DAD003C40E3 /* AppLockerHelper */,
			);
			name = AppLockerHelper;
			packageProductDependencies = (
			);
			productName = AppLockerHelper;
			productReference = E0D4C0652E419DAD003C40E3 /* com.TranPhuong319.AppLocker.Helper */;
			productType = "com.apple.product-type.tool";
		};
		E0EF51A92E31558900161CAB /* AppLocker */ = {
			isa = PBXNativeTarget;
			buildConfigurationList = E0EF51B62E31559200161CAB /* Build configuration list for PBXNativeTarget "AppLocker" */;
			buildPhases = (
				E0EF51A62E31558900161CAB /* Sources */,
				E0EF51A82E31558900161CAB /* Resources */,
				E058BA142E5A03FC0002D0D2 /* Launch Daemons */,
				E06B45C82E5A9C5400323A53 /* Copy Helper */,
				E04B8EA72E5D852900BE7903 /* Frameworks */,
				E050B44B2E86FB35003AEA49 /* Embed System Extensions */,
				E0749BE32E96D7AB003CD67D /* Copy Launcher */,
				E0749BE62E96D8BE003CD67D /* Launch Agents */,
				E0B6A16D2F191BBA00EAE136 /* Login Items */,
			);
			buildRules = (
			);
			dependencies = (
				E050B4492E86FB35003AEA49 /* PBXTargetDependency */,
			);
			fileSystemSynchronizedGroups = (
				E01ADC7E2E7D936700BE719D /* Extensions */,
				E01ADC8A2E7D93A000BE719D /* Shared */,
				E0EF51AC2E31558900161CAB /* AppLocker */,
			);
			name = AppLocker;
			packageProductDependencies = (
				E0DC1DD82E5DBADF002B454C /* Sparkle */,
				E04FC7982E5DBE570016518D /* Sparkle */,
				E01814A52F137F500093583F /* Sparkle */,
			);
			productName = AppLocker;
			productReference = E0EF51AA2E31558900161CAB /* AppLocker.app */;
			productType = "com.apple.product-type.application";
		};
/* End PBXNativeTarget section */

/* Begin PBXProject section */
		E0EF51A22E31558800161CAB /* Project object */ = {
			isa = PBXProject;
			attributes = {
				BuildIndependentTargetsInParallel = 1;
				LastSwiftUpdateCheck = 2620;
				LastUpgradeCheck = 2620;
				TargetAttributes = {
					E050B43F2E86FB33003AEA49 = {
						CreatedOnToolsVersion = 26.0;
					};
					E07075952E38BA97001C7950 = {
						CreatedOnToolsVersion = 16.4;
					};
					E08AAFD72F17FBAC008C97FC = {
						CreatedOnToolsVersion = 26.2;
					};
					E0D4C0642E419DAD003C40E3 = {
						CreatedOnToolsVersion = 16.4;
					};
					E0EF51A92E31558900161CAB = {
						CreatedOnToolsVersion = 16.4;
					};
				};
			};
			buildConfigurationList = E0EF51A52E31558800161CAB /* Build configuration list for PBXProject "AppLocker" */;
			developmentRegion = en;
			hasScannedForEncodings = 0;
			knownRegions = (
				vi,
				en,
				Base,
			);
			mainGroup = E0EF51A12E31558800161CAB;
			minimizedProjectReferenceProxies = 1;
			packageReferences = (
				E01814A42F137F500093583F /* XCRemoteSwiftPackageReference "Sparkle" */,
			);
			preferredProjectObjectVersion = 77;
			productRefGroup = E0EF51AB2E31558900161CAB /* Products */;
			projectDirPath = "";
			projectRoot = "";
			targets = (
				E0EF51A92E31558900161CAB /* AppLocker */,
				E07075952E38BA97001C7950 /* Launcher */,
				E0D4C0642E419DAD003C40E3 /* AppLockerHelper */,
				E050B43F2E86FB33003AEA49 /* ESExtension */,
				E08AAFD72F17FBAC008C97FC /* AppLocker Launcher */,
			);
		};
/* End PBXProject section */

/* Begin PBXResourcesBuildPhase section */
		E07075942E38BA97001C7950 /* Resources */ = {
			isa = PBXResourcesBuildPhase;
			buildActionMask = 2147483647;
			files = (
			);
			runOnlyForDeploymentPostprocessing = 0;
		};
		E076EEFD2E883E48009F465F /* Resources */ = {
			isa = PBXResourcesBuildPhase;
			buildActionMask = 2147483647;
			files = (
			);
			runOnlyForDeploymentPostprocessing = 0;
		};
		E08AAFD62F17FBAC008C97FC /* Resources */ = {
			isa = PBXResourcesBuildPhase;
			buildActionMask = 2147483647;
			files = (
			);
			runOnlyForDeploymentPostprocessing = 0;
		};
		E0EF51A82E31558900161CAB /* Resources */ = {
			isa = PBXResourcesBuildPhase;
			buildActionMask = 2147483647;
			files = (
			);
			runOnlyForDeploymentPostprocessing = 0;
		};
/* End PBXResourcesBuildPhase section */

/* Begin PBXSourcesBuildPhase section */
		E050B43C2E86FB33003AEA49 /* Sources */ = {
			isa = PBXSourcesBuildPhase;
			buildActionMask = 2147483647;
			files = (
			);
			runOnlyForDeploymentPostprocessing = 0;
		};
		E07075922E38BA97001C7950 /* Sources */ = {
			isa = PBXSourcesBuildPhase;
			buildActionMask = 2147483647;
			files = (
			);
			runOnlyForDeploymentPostprocessing = 0;
		};
		E08AAFD42F17FBAC008C97FC /* Sources */ = {
			isa = PBXSourcesBuildPhase;
			buildActionMask = 2147483647;
			files = (
			);
			runOnlyForDeploymentPostprocessing = 0;
		};
		E0D4C0612E419DAD003C40E3 /* Sources */ = {
			isa = PBXSourcesBuildPhase;
			buildActionMask = 2147483647;
			files = (
			);
			runOnlyForDeploymentPostprocessing = 0;
		};
		E0EF51A62E31558900161CAB /* Sources */ = {
			isa = PBXSourcesBuildPhase;
			buildActionMask = 2147483647;
			files = (
			);
			runOnlyForDeploymentPostprocessing = 0;
		};
/* End PBXSourcesBuildPhase section */

/* Begin PBXTargetDependency section */
		E050B4492E86FB35003AEA49 /* PBXTargetDependency */ = {
			isa = PBXTargetDependency;
			target = E050B43F2E86FB33003AEA49 /* ESExtension */;
			targetProxy = E050B4482E86FB35003AEA49 /* PBXContainerItemProxy */;
		};
/* End PBXTargetDependency section */

/* Begin XCBuildConfiguration section */
		E050B44C2E86FB35003AEA49 /* Debug */ = {
			isa = XCBuildConfiguration;
			buildSettings = {
				AUTOMATION_APPLE_EVENTS = NO;
				CODE_SIGN_ENTITLEMENTS = "$(SRCROOT)/ESExtension/ESExtension.entitlements";
				CODE_SIGN_IDENTITY = "-";
				CODE_SIGN_STYLE = Manual;
				CURRENT_PROJECT_VERSION = "$(MARKETING_VERSION)-alpha";
				DEAD_CODE_STRIPPING = YES;
				DEVELOPMENT_TEAM = "";
				ENABLE_HARDENED_RUNTIME = YES;
				ENABLE_RESOURCE_ACCESS_AUDIO_INPUT = NO;
				ENABLE_RESOURCE_ACCESS_CALENDARS = NO;
				ENABLE_RESOURCE_ACCESS_CAMERA = NO;
				ENABLE_RESOURCE_ACCESS_CONTACTS = NO;
				ENABLE_RESOURCE_ACCESS_LOCATION = NO;
				ENABLE_RESOURCE_ACCESS_PHOTO_LIBRARY = NO;
				GENERATE_INFOPLIST_FILE = YES;
				INFOPLIST_FILE = "$(SRCROOT)/ESExtension/Info.plist";
				INFOPLIST_KEY_CFBundleDisplayName = "AppLocker Endpoint Security Extension";
				INFOPLIST_KEY_NSHumanReadableCopyright = "Copyright © 2025 TranPhuong319. All rights reserved.";
				INFOPLIST_KEY_NSSystemExtensionUsageDescription = "This application needs permission to install System Extension to monitor and block startup applications in the list of locked applications.";
				LD_RUNPATH_SEARCH_PATHS = (
					"$(inherited)",
					"@executable_path/../Frameworks",
					"@executable_path/../../../../Frameworks",
				);
				MACOSX_DEPLOYMENT_TARGET = 13.5;
				MARKETING_VERSION = "$(MARKETING_VERSION)";
				PRODUCT_BUNDLE_IDENTIFIER = com.TranPhuong319.AppLocker.ESExtension;
				PRODUCT_NAME = "$(inherited)";
				PROVISIONING_PROFILE_SPECIFIER = "";
				REGISTER_APP_GROUPS = YES;
				RUNTIME_EXCEPTION_ALLOW_DYLD_ENVIRONMENT_VARIABLES = NO;
				RUNTIME_EXCEPTION_ALLOW_JIT = NO;
				RUNTIME_EXCEPTION_ALLOW_UNSIGNED_EXECUTABLE_MEMORY = NO;
				RUNTIME_EXCEPTION_DEBUGGING_TOOL = NO;
				RUNTIME_EXCEPTION_DISABLE_EXECUTABLE_PAGE_PROTECTION = NO;
				RUNTIME_EXCEPTION_DISABLE_LIBRARY_VALIDATION = NO;
				SKIP_INSTALL = YES;
				STRING_CATALOG_GENERATE_SYMBOLS = YES;
				SWIFT_APPROACHABLE_CONCURRENCY = YES;
				SWIFT_EMIT_LOC_STRINGS = YES;
				SWIFT_OBJC_BRIDGING_HEADER = "$(SRCROOT)/ESExtension/Bridging-Header.h";
				SWIFT_UPCOMING_FEATURE_MEMBER_IMPORT_VISIBILITY = YES;
				SWIFT_VERSION = 5.0;
			};
			name = Debug;
		};
		E050B44D2E86FB35003AEA49 /* Release */ = {
			isa = XCBuildConfiguration;
			buildSettings = {
				AUTOMATION_APPLE_EVENTS = NO;
				CODE_SIGN_ENTITLEMENTS = "$(SRCROOT)/ESExtension/ESExtension.entitlements";
				CODE_SIGN_IDENTITY = "-";
				CODE_SIGN_STYLE = Manual;
				CURRENT_PROJECT_VERSION = "$(MARKETING_VERSION)-stable";
				DEAD_CODE_STRIPPING = YES;
				DEVELOPMENT_TEAM = "";
				ENABLE_HARDENED_RUNTIME = YES;
				ENABLE_RESOURCE_ACCESS_AUDIO_INPUT = NO;
				ENABLE_RESOURCE_ACCESS_CALENDARS = NO;
				ENABLE_RESOURCE_ACCESS_CAMERA = NO;
				ENABLE_RESOURCE_ACCESS_CONTACTS = NO;
				ENABLE_RESOURCE_ACCESS_LOCATION = NO;
				ENABLE_RESOURCE_ACCESS_PHOTO_LIBRARY = NO;
				GENERATE_INFOPLIST_FILE = YES;
				INFOPLIST_FILE = "$(SRCROOT)/ESExtension/Info.plist";
				INFOPLIST_KEY_CFBundleDisplayName = "AppLocker Endpoint Security Extension";
				INFOPLIST_KEY_NSHumanReadableCopyright = "Copyright © 2025 TranPhuong319. All rights reserved.";
				INFOPLIST_KEY_NSSystemExtensionUsageDescription = "This application needs permission to install System Extension to monitor and block startup applications in the list of locked applications.";
				LD_RUNPATH_SEARCH_PATHS = (
					"$(inherited)",
					"@executable_path/../Frameworks",
					"@executable_path/../../../../Frameworks",
				);
				MACOSX_DEPLOYMENT_TARGET = 13.5;
				MARKETING_VERSION = "$(MARKETING_VERSION)";
				PRODUCT_BUNDLE_IDENTIFIER = com.TranPhuong319.AppLocker.ESExtension;
				PRODUCT_NAME = "$(inherited)";
				PROVISIONING_PROFILE_SPECIFIER = "";
				REGISTER_APP_GROUPS = YES;
				RUNTIME_EXCEPTION_ALLOW_DYLD_ENVIRONMENT_VARIABLES = NO;
				RUNTIME_EXCEPTION_ALLOW_JIT = NO;
				RUNTIME_EXCEPTION_ALLOW_UNSIGNED_EXECUTABLE_MEMORY = NO;
				RUNTIME_EXCEPTION_DEBUGGING_TOOL = NO;
				RUNTIME_EXCEPTION_DISABLE_EXECUTABLE_PAGE_PROTECTION = NO;
				RUNTIME_EXCEPTION_DISABLE_LIBRARY_VALIDATION = NO;
				SKIP_INSTALL = YES;
				STRING_CATALOG_GENERATE_SYMBOLS = YES;
				SWIFT_APPROACHABLE_CONCURRENCY = YES;
				SWIFT_EMIT_LOC_STRINGS = YES;
				SWIFT_OBJC_BRIDGING_HEADER = "$(SRCROOT)/ESExtension/Bridging-Header.h";
				SWIFT_UPCOMING_FEATURE_MEMBER_IMPORT_VISIBILITY = YES;
				SWIFT_VERSION = 5.0;
			};
			name = Release;
		};
		E07075A02E38BA9E001C7950 /* Debug */ = {
			isa = XCBuildConfiguration;
			buildSettings = {
				ASSETCATALOG_COMPILER_APPICON_NAME = AppIcon;
				ASSETCATALOG_COMPILER_GLOBAL_ACCENT_COLOR_NAME = AccentColor;
				CODE_SIGN_ENTITLEMENTS = Launcher/Launcher.entitlements;
				CODE_SIGN_IDENTITY = "-";
				CODE_SIGN_INJECT_BASE_ENTITLEMENTS = YES;
				CODE_SIGN_STYLE = Manual;
				COMBINE_HIDPI_IMAGES = YES;
				CURRENT_PROJECT_VERSION = "$(MARKETING_VERSION)-alpha";
				DEAD_CODE_STRIPPING = YES;
				DEVELOPMENT_TEAM = 749P55DL5L;
				"DEVELOPMENT_TEAM[sdk=macosx*]" = "";
				ENABLE_APP_SANDBOX = NO;
				ENABLE_HARDENED_RUNTIME = YES;
				ENABLE_PREVIEWS = YES;
				GENERATE_INFOPLIST_FILE = YES;
				INFOPLIST_FILE = Launcher/Info.plist;
				INFOPLIST_KEY_LSApplicationCategoryType = "public.app-category.utilities";
				INFOPLIST_KEY_LSUIElement = YES;
				INFOPLIST_KEY_NSHumanReadableCopyright = "Copyright © 2025 TranPhuong319. All rights reserved.";
				INFOPLIST_KEY_UIStatusBarStyle = "";
				INSTALL_PATH = "";
				LD_RUNPATH_SEARCH_PATHS = (
					"$(inherited)",
					"@executable_path/../Frameworks",
				);
				MACOSX_DEPLOYMENT_TARGET = 13.5;
				MARKETING_VERSION = "$(MARKETING_VERSION)";
				PRODUCT_BUNDLE_IDENTIFIER = com.TranPhuong319.AppLocker.Launcher;
				PRODUCT_NAME = "$(TARGET_NAME)";
				PROVISIONING_PROFILE_SPECIFIER = "";
				REGISTER_APP_GROUPS = YES;
				SKIP_INSTALL = YES;
				SWIFT_EMIT_LOC_STRINGS = YES;
				SWIFT_VERSION = 5.0;
			};
			name = Debug;
		};
		E07075A12E38BA9E001C7950 /* Release */ = {
			isa = XCBuildConfiguration;
			buildSettings = {
				ASSETCATALOG_COMPILER_APPICON_NAME = AppIcon;
				ASSETCATALOG_COMPILER_GLOBAL_ACCENT_COLOR_NAME = AccentColor;
				CODE_SIGN_ENTITLEMENTS = Launcher/Launcher.entitlements;
				CODE_SIGN_IDENTITY = "-";
				CODE_SIGN_INJECT_BASE_ENTITLEMENTS = YES;
				CODE_SIGN_STYLE = Manual;
				COMBINE_HIDPI_IMAGES = YES;
				CURRENT_PROJECT_VERSION = "$(MARKETING_VERSION)-stable";
				DEAD_CODE_STRIPPING = YES;
				DEVELOPMENT_TEAM = 749P55DL5L;
				"DEVELOPMENT_TEAM[sdk=macosx*]" = "";
				ENABLE_APP_SANDBOX = NO;
				ENABLE_HARDENED_RUNTIME = YES;
				ENABLE_PREVIEWS = YES;
				GENERATE_INFOPLIST_FILE = YES;
				INFOPLIST_FILE = Launcher/Info.plist;
				INFOPLIST_KEY_LSApplicationCategoryType = "public.app-category.utilities";
				INFOPLIST_KEY_LSUIElement = YES;
				INFOPLIST_KEY_NSHumanReadableCopyright = "Copyright © 2025 TranPhuong319. All rights reserved.";
				INFOPLIST_KEY_UIStatusBarStyle = "";
				INSTALL_PATH = "";
				LD_RUNPATH_SEARCH_PATHS = (
					"$(inherited)",
					"@executable_path/../Frameworks",
				);
				MACOSX_DEPLOYMENT_TARGET = 13.5;
				MARKETING_VERSION = "$(MARKETING_VERSION)";
				PRODUCT_BUNDLE_IDENTIFIER = com.TranPhuong319.AppLocker.Launcher;
				PRODUCT_NAME = "$(TARGET_NAME)";
				PROVISIONING_PROFILE_SPECIFIER = "";
				REGISTER_APP_GROUPS = YES;
				SKIP_INSTALL = YES;
				SWIFT_EMIT_LOC_STRINGS = YES;
				SWIFT_VERSION = 5.0;
			};
			name = Release;
		};
		E08AAFE02F17FBBA008C97FC /* Debug */ = {
			isa = XCBuildConfiguration;
			buildSettings = {
				ASSETCATALOG_COMPILER_APPICON_NAME = AppIcon;
				ASSETCATALOG_COMPILER_GLOBAL_ACCENT_COLOR_NAME = AccentColor;
				CODE_SIGN_STYLE = Manual;
				COMBINE_HIDPI_IMAGES = YES;
				CURRENT_PROJECT_VERSION = 1;
				DEAD_CODE_STRIPPING = YES;
				DEVELOPMENT_TEAM = "";
				ENABLE_APP_SANDBOX = NO;
				ENABLE_PREVIEWS = YES;
				GENERATE_INFOPLIST_FILE = YES;
				INFOPLIST_KEY_LSApplicationCategoryType = "public.app-category.utilities";
				INFOPLIST_KEY_LSUIElement = YES;
				INFOPLIST_KEY_NSHumanReadableCopyright = "Copyright © 2025 TranPhuong319. All rights reserved.";
				INSTALL_PATH = "";
				LD_RUNPATH_SEARCH_PATHS = (
					"$(inherited)",
					"@executable_path/../Frameworks",
				);
				MACOSX_DEPLOYMENT_TARGET = 13.5;
				MARKETING_VERSION = "$(MARKETING_VERSION)";
				PRODUCT_BUNDLE_IDENTIFIER = com.TranPhuong319.AppLocker.LoginItems;
				PRODUCT_NAME = "$(TARGET_NAME)";
				PROVISIONING_PROFILE_SPECIFIER = "";
				REGISTER_APP_GROUPS = YES;
				STRING_CATALOG_GENERATE_SYMBOLS = YES;
				SWIFT_APPROACHABLE_CONCURRENCY = YES;
				SWIFT_DEFAULT_ACTOR_ISOLATION = MainActor;
				SWIFT_EMIT_LOC_STRINGS = YES;
				SWIFT_UPCOMING_FEATURE_MEMBER_IMPORT_VISIBILITY = YES;
				SWIFT_VERSION = 5.0;
			};
			name = Debug;
		};
		E08AAFE12F17FBBA008C97FC /* Release */ = {
			isa = XCBuildConfiguration;
			buildSettings = {
				ASSETCATALOG_COMPILER_APPICON_NAME = AppIcon;
				ASSETCATALOG_COMPILER_GLOBAL_ACCENT_COLOR_NAME = AccentColor;
				CODE_SIGN_STYLE = Manual;
				COMBINE_HIDPI_IMAGES = YES;
				CURRENT_PROJECT_VERSION = 1;
				DEAD_CODE_STRIPPING = YES;
				DEVELOPMENT_TEAM = "";
				ENABLE_APP_SANDBOX = NO;
				ENABLE_PREVIEWS = YES;
				GENERATE_INFOPLIST_FILE = YES;
				INFOPLIST_KEY_LSApplicationCategoryType = "public.app-category.utilities";
				INFOPLIST_KEY_LSUIElement = YES;
				INFOPLIST_KEY_NSHumanReadableCopyright = "Copyright © 2025 TranPhuong319. All rights reserved.";
				INSTALL_PATH = "";
				LD_RUNPATH_SEARCH_PATHS = (
					"$(inherited)",
					"@executable_path/../Frameworks",
				);
				MACOSX_DEPLOYMENT_TARGET = 13.5;
				MARKETING_VERSION = "$(MARKETING_VERSION)";
				PRODUCT_BUNDLE_IDENTIFIER = com.TranPhuong319.AppLocker.LoginItems;
				PRODUCT_NAME = "$(TARGET_NAME)";
				PROVISIONING_PROFILE_SPECIFIER = "";
				REGISTER_APP_GROUPS = YES;
				STRING_CATALOG_GENERATE_SYMBOLS = YES;
				SWIFT_APPROACHABLE_CONCURRENCY = YES;
				SWIFT_DEFAULT_ACTOR_ISOLATION = MainActor;
				SWIFT_EMIT_LOC_STRINGS = YES;
				SWIFT_UPCOMING_FEATURE_MEMBER_IMPORT_VISIBILITY = YES;
				SWIFT_VERSION = 5.0;
			};
			name = Release;
		};
		E0D4C06A2E419DAD003C40E3 /* Debug */ = {
			isa = XCBuildConfiguration;
			buildSettings = {
				CODE_SIGN_IDENTITY = "-";
				CODE_SIGN_STYLE = Manual;
				DEAD_CODE_STRIPPING = YES;
				DEVELOPMENT_TEAM = "";
				ENABLE_HARDENED_RUNTIME = YES;
				INFOPLIST_KEY_NSHumanReadableCopyright = "Copyright © 2025 TranPhuong319. All rights reserved.";
				INSTALL_PATH = "";
				MACOSX_DEPLOYMENT_TARGET = 13.5;
				MARKETING_VERSION = "$(MARKETING_VERSION)";
				PRODUCT_BUNDLE_IDENTIFIER = com.TranPhuong319.AppLocker.Helper;
				PRODUCT_MODULE_NAME = "$(PRODUCT_NAME:c99extidentifier)";
				PRODUCT_NAME = "$(PRODUCT_BUNDLE_IDENTIFIER)";
				PROVISIONING_PROFILE_SPECIFIER = "";
				REGISTER_APP_GROUPS = YES;
				SWIFT_VERSION = 5.0;
			};
			name = Debug;
		};
		E0D4C06B2E419DAD003C40E3 /* Release */ = {
			isa = XCBuildConfiguration;
			buildSettings = {
				CODE_SIGN_IDENTITY = "-";
				CODE_SIGN_STYLE = Manual;
				DEAD_CODE_STRIPPING = YES;
				DEVELOPMENT_TEAM = "";
				ENABLE_HARDENED_RUNTIME = YES;
				INFOPLIST_KEY_NSHumanReadableCopyright = "Copyright © 2025 TranPhuong319. All rights reserved.";
				INSTALL_PATH = "";
				MACOSX_DEPLOYMENT_TARGET = 13.5;
				MARKETING_VERSION = "$(MARKETING_VERSION)";
				PRODUCT_BUNDLE_IDENTIFIER = com.TranPhuong319.AppLocker.Helper;
				PRODUCT_MODULE_NAME = "$(PRODUCT_NAME:c99extidentifier)";
				PRODUCT_NAME = "$(PRODUCT_BUNDLE_IDENTIFIER)";
				PROVISIONING_PROFILE_SPECIFIER = "";
				REGISTER_APP_GROUPS = YES;
				SWIFT_VERSION = 5.0;
			};
			name = Release;
		};
		E0EF51B42E31559200161CAB /* Debug */ = {
			isa = XCBuildConfiguration;
			buildSettings = {
				ALWAYS_SEARCH_USER_PATHS = NO;
				ASSETCATALOG_COMPILER_GENERATE_SWIFT_ASSET_SYMBOL_EXTENSIONS = YES;
				CLANG_ANALYZER_LOCALIZABILITY_NONLOCALIZED = YES;
				CLANG_ANALYZER_NONNULL = YES;
				CLANG_ANALYZER_NUMBER_OBJECT_CONVERSION = YES_AGGRESSIVE;
				CLANG_CXX_LANGUAGE_STANDARD = "gnu++20";
				CLANG_ENABLE_MODULES = YES;
				CLANG_ENABLE_OBJC_ARC = YES;
				CLANG_ENABLE_OBJC_WEAK = YES;
				CLANG_WARN_BLOCK_CAPTURE_AUTORELEASING = YES;
				CLANG_WARN_BOOL_CONVERSION = YES;
				CLANG_WARN_COMMA = YES;
				CLANG_WARN_CONSTANT_CONVERSION = YES;
				CLANG_WARN_DEPRECATED_OBJC_IMPLEMENTATIONS = YES;
				CLANG_WARN_DIRECT_OBJC_ISA_USAGE = YES_ERROR;
				CLANG_WARN_DOCUMENTATION_COMMENTS = YES;
				CLANG_WARN_EMPTY_BODY = YES;
				CLANG_WARN_ENUM_CONVERSION = YES;
				CLANG_WARN_INFINITE_RECURSION = YES;
				CLANG_WARN_INT_CONVERSION = YES;
				CLANG_WARN_NON_LITERAL_NULL_CONVERSION = YES;
				CLANG_WARN_OBJC_IMPLICIT_RETAIN_SELF = YES;
				CLANG_WARN_OBJC_LITERAL_CONVERSION = YES;
				CLANG_WARN_OBJC_ROOT_CLASS = YES_ERROR;
				CLANG_WARN_QUOTED_INCLUDE_IN_FRAMEWORK_HEADER = YES;
				CLANG_WARN_RANGE_LOOP_ANALYSIS = YES;
				CLANG_WARN_STRICT_PROTOTYPES = YES;
				CLANG_WARN_SUSPICIOUS_MOVE = YES;
				CLANG_WARN_UNGUARDED_AVAILABILITY = YES_AGGRESSIVE;
				CLANG_WARN_UNREACHABLE_CODE = YES;
				CLANG_WARN__DUPLICATE_METHOD_MATCH = YES;
				COPY_PHASE_STRIP = NO;
				DEAD_CODE_STRIPPING = YES;
				DEBUG_INFORMATION_FORMAT = dwarf;
				DEVELOPMENT_TEAM = 749P55DL5L;
				ENABLE_STRICT_OBJC_MSGSEND = YES;
				ENABLE_TESTABILITY = YES;
				ENABLE_USER_SCRIPT_SANDBOXING = YES;
				GCC_C_LANGUAGE_STANDARD = gnu17;
				GCC_DYNAMIC_NO_PIC = NO;
				GCC_NO_COMMON_BLOCKS = YES;
				GCC_OPTIMIZATION_LEVEL = 0;
				GCC_PREPROCESSOR_DEFINITIONS = (
					"DEBUG=1",
					"$(inherited)",
				);
				GCC_WARN_64_TO_32_BIT_CONVERSION = YES;
				GCC_WARN_ABOUT_RETURN_TYPE = YES_ERROR;
				GCC_WARN_UNDECLARED_SELECTOR = YES;
				GCC_WARN_UNINITIALIZED_AUTOS = YES_AGGRESSIVE;
				GCC_WARN_UNUSED_FUNCTION = YES;
				GCC_WARN_UNUSED_VARIABLE = YES;
				INFOPLIST_KEY_NSHumanReadableCopyright = "Copyright © 2025 TranPhuong319. All rights reserved.\n";
				LOCALIZATION_PREFERS_STRING_CATALOGS = YES;
				MACOSX_DEPLOYMENT_TARGET = 15.5;
				MARKETING_VERSION = 1.6.1;
				MTL_ENABLE_DEBUG_INFO = INCLUDE_SOURCE;
				MTL_FAST_MATH = YES;
				ONLY_ACTIVE_ARCH = YES;
				OTHER_LDFLAGS = "";
				SDKROOT = macosx;
				STRING_CATALOG_GENERATE_SYMBOLS = YES;
				SWIFT_ACTIVE_COMPILATION_CONDITIONS = "DEBUG $(inherited)";
				SWIFT_EMIT_LOC_STRINGS = YES;
				SWIFT_OPTIMIZATION_LEVEL = "-Onone";
			};
			name = Debug;
		};
		E0EF51B52E31559200161CAB /* Release */ = {
			isa = XCBuildConfiguration;
			buildSettings = {
				ALWAYS_SEARCH_USER_PATHS = NO;
				ASSETCATALOG_COMPILER_GENERATE_SWIFT_ASSET_SYMBOL_EXTENSIONS = YES;
				CLANG_ANALYZER_LOCALIZABILITY_NONLOCALIZED = YES;
				CLANG_ANALYZER_NONNULL = YES;
				CLANG_ANALYZER_NUMBER_OBJECT_CONVERSION = YES_AGGRESSIVE;
				CLANG_CXX_LANGUAGE_STANDARD = "gnu++20";
				CLANG_ENABLE_MODULES = YES;
				CLANG_ENABLE_OBJC_ARC = YES;
				CLANG_ENABLE_OBJC_WEAK = YES;
				CLANG_WARN_BLOCK_CAPTURE_AUTORELEASING = YES;
				CLANG_WARN_BOOL_CONVERSION = YES;
				CLANG_WARN_COMMA = YES;
				CLANG_WARN_CONSTANT_CONVERSION = YES;
				CLANG_WARN_DEPRECATED_OBJC_IMPLEMENTATIONS = YES;
				CLANG_WARN_DIRECT_OBJC_ISA_USAGE = YES_ERROR;
				CLANG_WARN_DOCUMENTATION_COMMENTS = YES;
				CLANG_WARN_EMPTY_BODY = YES;
				CLANG_WARN_ENUM_CONVERSION = YES;
				CLANG_WARN_INFINITE_RECURSION = YES;
				CLANG_WARN_INT_CONVERSION = YES;
				CLANG_WARN_NON_LITERAL_NULL_CONVERSION = YES;
				CLANG_WARN_OBJC_IMPLICIT_RETAIN_SELF = YES;
				CLANG_WARN_OBJC_LITERAL_CONVERSION = YES;
				CLANG_WARN_OBJC_ROOT_CLASS = YES_ERROR;
				CLANG_WARN_QUOTED_INCLUDE_IN_FRAMEWORK_HEADER = YES;
				CLANG_WARN_RANGE_LOOP_ANALYSIS = YES;
				CLANG_WARN_STRICT_PROTOTYPES = YES;
				CLANG_WARN_SUSPICIOUS_MOVE = YES;
				CLANG_WARN_UNGUARDED_AVAILABILITY = YES_AGGRESSIVE;
				CLANG_WARN_UNREACHABLE_CODE = YES;
				CLANG_WARN__DUPLICATE_METHOD_MATCH = YES;
				COPY_PHASE_STRIP = NO;
				DEAD_CODE_STRIPPING = YES;
				DEBUG_INFORMATION_FORMAT = "dwarf-with-dsym";
				DEVELOPMENT_TEAM = 749P55DL5L;
				ENABLE_NS_ASSERTIONS = NO;
				ENABLE_STRICT_OBJC_MSGSEND = YES;
				ENABLE_USER_SCRIPT_SANDBOXING = YES;
				GCC_C_LANGUAGE_STANDARD = gnu17;
				GCC_NO_COMMON_BLOCKS = YES;
				GCC_WARN_64_TO_32_BIT_CONVERSION = YES;
				GCC_WARN_ABOUT_RETURN_TYPE = YES_ERROR;
				GCC_WARN_UNDECLARED_SELECTOR = YES;
				GCC_WARN_UNINITIALIZED_AUTOS = YES_AGGRESSIVE;
				GCC_WARN_UNUSED_FUNCTION = YES;
				GCC_WARN_UNUSED_VARIABLE = YES;
				INFOPLIST_KEY_NSHumanReadableCopyright = "Copyright © 2025 TranPhuong319. All rights reserved.\n";
				LOCALIZATION_PREFERS_STRING_CATALOGS = YES;
				MACOSX_DEPLOYMENT_TARGET = 15.5;
				MARKETING_VERSION = 1.6.1;
				MTL_ENABLE_DEBUG_INFO = NO;
				MTL_FAST_MATH = YES;
				OTHER_LDFLAGS = "";
				SDKROOT = macosx;
				STRING_CATALOG_GENERATE_SYMBOLS = YES;
				SWIFT_COMPILATION_MODE = wholemodule;
				SWIFT_EMIT_LOC_STRINGS = YES;
			};
			name = Release;
		};
		E0EF51B72E31559200161CAB /* Debug */ = {
			isa = XCBuildConfiguration;
			buildSettings = {
				ASSETCATALOG_COMPILER_APPICON_NAME = AppIcon;
				ASSETCATALOG_COMPILER_GLOBAL_ACCENT_COLOR_NAME = AccentColor;
				ASSETCATALOG_COMPILER_INCLUDE_ALL_APPICON_ASSETS = NO;
				AUTOMATION_APPLE_EVENTS = NO;
				CODE_SIGN_ENTITLEMENTS = AppLocker/AppLocker.entitlements;
				CODE_SIGN_IDENTITY = "-";
				CODE_SIGN_STYLE = Manual;
				COMBINE_HIDPI_IMAGES = YES;
				CURRENT_PROJECT_VERSION = 1;
				DEAD_CODE_STRIPPING = YES;
				DEVELOPMENT_TEAM = "";
				ENABLE_HARDENED_RUNTIME = YES;
				ENABLE_PREVIEWS = YES;
				ENABLE_RESOURCE_ACCESS_AUDIO_INPUT = NO;
				ENABLE_RESOURCE_ACCESS_CALENDARS = NO;
				ENABLE_RESOURCE_ACCESS_CAMERA = NO;
				ENABLE_RESOURCE_ACCESS_CONTACTS = NO;
				ENABLE_RESOURCE_ACCESS_LOCATION = NO;
				ENABLE_RESOURCE_ACCESS_PHOTO_LIBRARY = NO;
				FRAMEWORK_SEARCH_PATHS = /System/Library/PrivateFrameworks;
				GENERATE_INFOPLIST_FILE = YES;
				INFOPLIST_FILE = AppLocker/Info.plist;
				INFOPLIST_KEY_CFBundleDisplayName = AppLocker;
				INFOPLIST_KEY_LSApplicationCategoryType = "public.app-category.utilities";
				INFOPLIST_KEY_LSUIElement = YES;
				INFOPLIST_KEY_NSHumanReadableCopyright = "Copyright © 2025 TranPhuong319. All rights reserved.";
				INFOPLIST_KEY_NSSystemExtensionUsageDescription = "This application needs permission to install System Extension to monitor and block startup applications in the list of locked applications";
				INFOPLIST_KEY_UIStatusBarStyle = UIStatusBarStyleDefault;
				IPHONEOS_DEPLOYMENT_TARGET = 15.6;
				LD_RUNPATH_SEARCH_PATHS = (
					"$(inherited)",
					"@executable_path/../Frameworks",
				);
				MACOSX_DEPLOYMENT_TARGET = 13.5;
				MARKETING_VERSION = "$(MARKETING_VERSION)";
				PRODUCT_BUNDLE_IDENTIFIER = com.TranPhuong319.AppLocker;
				PRODUCT_NAME = "$(TARGET_NAME)";
				PROVISIONING_PROFILE_SPECIFIER = "";
				REGISTER_APP_GROUPS = YES;
				RUNTIME_EXCEPTION_ALLOW_DYLD_ENVIRONMENT_VARIABLES = NO;
				RUNTIME_EXCEPTION_ALLOW_JIT = NO;
				RUNTIME_EXCEPTION_ALLOW_UNSIGNED_EXECUTABLE_MEMORY = NO;
				RUNTIME_EXCEPTION_DEBUGGING_TOOL = NO;
				RUNTIME_EXCEPTION_DISABLE_EXECUTABLE_PAGE_PROTECTION = NO;
				RUNTIME_EXCEPTION_DISABLE_LIBRARY_VALIDATION = NO;
				SUPPORTED_PLATFORMS = macosx;
				SUPPORTS_MACCATALYST = NO;
				SWIFT_EMIT_LOC_STRINGS = YES;
				SWIFT_VERSION = 5.0;
				SYSTEM_FRAMEWORK_SEARCH_PATHS = (
					"$(inherited)",
					"$(SYSTEM_LIBRARY_DIR)/PrivateFrameworks",
				);
			};
			name = Debug;
		};
		E0EF51B82E31559200161CAB /* Release */ = {
			isa = XCBuildConfiguration;
			buildSettings = {
				ASSETCATALOG_COMPILER_APPICON_NAME = AppIcon;
				ASSETCATALOG_COMPILER_GLOBAL_ACCENT_COLOR_NAME = AccentColor;
				ASSETCATALOG_COMPILER_INCLUDE_ALL_APPICON_ASSETS = NO;
				AUTOMATION_APPLE_EVENTS = NO;
				CODE_SIGN_ENTITLEMENTS = AppLocker/AppLocker.entitlements;
				CODE_SIGN_IDENTITY = "-";
				CODE_SIGN_STYLE = Manual;
				COMBINE_HIDPI_IMAGES = YES;
				CURRENT_PROJECT_VERSION = 0;
				DEAD_CODE_STRIPPING = YES;
				DEVELOPMENT_TEAM = "";
				ENABLE_HARDENED_RUNTIME = YES;
				ENABLE_PREVIEWS = YES;
				ENABLE_RESOURCE_ACCESS_AUDIO_INPUT = NO;
				ENABLE_RESOURCE_ACCESS_CALENDARS = NO;
				ENABLE_RESOURCE_ACCESS_CAMERA = NO;
				ENABLE_RESOURCE_ACCESS_CONTACTS = NO;
				ENABLE_RESOURCE_ACCESS_LOCATION = NO;
				ENABLE_RESOURCE_ACCESS_PHOTO_LIBRARY = NO;
				FRAMEWORK_SEARCH_PATHS = /System/Library/PrivateFrameworks;
				GENERATE_INFOPLIST_FILE = YES;
				INFOPLIST_FILE = AppLocker/Info.plist;
				INFOPLIST_KEY_CFBundleDisplayName = AppLocker;
				INFOPLIST_KEY_LSApplicationCategoryType = "public.app-category.utilities";
				INFOPLIST_KEY_LSUIElement = YES;
				INFOPLIST_KEY_NSHumanReadableCopyright = "Copyright © 2025 TranPhuong319. All rights reserved.";
				INFOPLIST_KEY_NSSystemExtensionUsageDescription = "This application needs permission to install System Extension to monitor and block startup applications in the list of locked applications";
				INFOPLIST_KEY_UIStatusBarStyle = UIStatusBarStyleDefault;
				IPHONEOS_DEPLOYMENT_TARGET = 15.6;
				LD_RUNPATH_SEARCH_PATHS = (
					"$(inherited)",
					"@executable_path/../Frameworks",
				);
				MACOSX_DEPLOYMENT_TARGET = 13.5;
				MARKETING_VERSION = "$(MARKETING_VERSION)";
				PRODUCT_BUNDLE_IDENTIFIER = com.TranPhuong319.AppLocker;
				PRODUCT_NAME = "$(TARGET_NAME)";
				PROVISIONING_PROFILE_SPECIFIER = "";
				REGISTER_APP_GROUPS = YES;
				RUNTIME_EXCEPTION_ALLOW_DYLD_ENVIRONMENT_VARIABLES = NO;
				RUNTIME_EXCEPTION_ALLOW_JIT = NO;
				RUNTIME_EXCEPTION_ALLOW_UNSIGNED_EXECUTABLE_MEMORY = NO;
				RUNTIME_EXCEPTION_DEBUGGING_TOOL = NO;
				RUNTIME_EXCEPTION_DISABLE_EXECUTABLE_PAGE_PROTECTION = NO;
				RUNTIME_EXCEPTION_DISABLE_LIBRARY_VALIDATION = NO;
				SUPPORTED_PLATFORMS = macosx;
				SUPPORTS_MACCATALYST = NO;
				SWIFT_EMIT_LOC_STRINGS = YES;
				SWIFT_VERSION = 5.0;
				SYSTEM_FRAMEWORK_SEARCH_PATHS = (
					"$(inherited)",
					"$(SYSTEM_LIBRARY_DIR)/PrivateFrameworks",
				);
			};
			name = Release;
		};
/* End XCBuildConfiguration section */

/* Begin XCConfigurationList section */
		E050B44E2E86FB35003AEA49 /* Build configuration list for PBXNativeTarget "ESExtension" */ = {
			isa = XCConfigurationList;
			buildConfigurations = (
				E050B44C2E86FB35003AEA49 /* Debug */,
				E050B44D2E86FB35003AEA49 /* Release */,
			);
			defaultConfigurationIsVisible = 0;
			defaultConfigurationName = Release;
		};
		E070759F2E38BA9E001C7950 /* Build configuration list for PBXNativeTarget "Launcher" */ = {
			isa = XCConfigurationList;
			buildConfigurations = (
				E07075A02E38BA9E001C7950 /* Debug */,
				E07075A12E38BA9E001C7950 /* Release */,
			);
			defaultConfigurationIsVisible = 0;
			defaultConfigurationName = Release;
		};
		E08AAFE22F17FBBA008C97FC /* Build configuration list for PBXNativeTarget "AppLocker Launcher" */ = {
			isa = XCConfigurationList;
			buildConfigurations = (
				E08AAFE02F17FBBA008C97FC /* Debug */,
				E08AAFE12F17FBBA008C97FC /* Release */,
			);
			defaultConfigurationIsVisible = 0;
			defaultConfigurationName = Release;
		};
		E0D4C0692E419DAD003C40E3 /* Build configuration list for PBXNativeTarget "AppLockerHelper" */ = {
			isa = XCConfigurationList;
			buildConfigurations = (
				E0D4C06A2E419DAD003C40E3 /* Debug */,
				E0D4C06B2E419DAD003C40E3 /* Release */,
			);
			defaultConfigurationIsVisible = 0;
			defaultConfigurationName = Release;
		};
		E0EF51A52E31558800161CAB /* Build configuration list for PBXProject "AppLocker" */ = {
			isa = XCConfigurationList;
			buildConfigurations = (
				E0EF51B42E31559200161CAB /* Debug */,
				E0EF51B52E31559200161CAB /* Release */,
			);
			defaultConfigurationIsVisible = 0;
			defaultConfigurationName = Release;
		};
		E0EF51B62E31559200161CAB /* Build configuration list for PBXNativeTarget "AppLocker" */ = {
			isa = XCConfigurationList;
			buildConfigurations = (
				E0EF51B72E31559200161CAB /* Debug */,
				E0EF51B82E31559200161CAB /* Release */,
			);
			defaultConfigurationIsVisible = 0;
			defaultConfigurationName = Release;
		};
/* End XCConfigurationList section */

/* Begin XCRemoteSwiftPackageReference section */
		E01814A42F137F500093583F /* XCRemoteSwiftPackageReference "Sparkle" */ = {
			isa = XCRemoteSwiftPackageReference;
			repositoryURL = "https://github.com/TranPhuong319/Sparkle/";
			requirement = {
				kind = upToNextMajorVersion;
				minimumVersion = 2.8.2;
			};
		};
/* End XCRemoteSwiftPackageReference section */

/* Begin XCSwiftPackageProductDependency section */
		E01814A52F137F500093583F /* Sparkle */ = {
			isa = XCSwiftPackageProductDependency;
			package = E01814A42F137F500093583F /* XCRemoteSwiftPackageReference "Sparkle" */;
			productName = Sparkle;
		};
		E04FC7982E5DBE570016518D /* Sparkle */ = {
			isa = XCSwiftPackageProductDependency;
			productName = Sparkle;
		};
		E0DC1DD82E5DBADF002B454C /* Sparkle */ = {
			isa = XCSwiftPackageProductDependency;
			productName = Sparkle;
		};
/* End XCSwiftPackageProductDependency section */
	};
	rootObject = E0EF51A22E31558800161CAB /* Project object */;
}
