{
  "originHash" : "56aaebb6e0c2842dede55d96a01a015f466a1bed3358ac844e0a0707d8c4fe17",
  "pins" : [
    {
      "identity" : "keychainaccess",
      "kind" : "remoteSourceControl",
      "location" : "https://github.com/kishikawakatsumi/KeychainAccess",
      "state" : {
        "branch" : "master",
        "revision" : "e0c7eebc5a4465a3c4680764f26b7a61f567cdaf"
      }
    },
    {
      "identity" : "sparkle",
      "kind" : "remoteSourceControl",
      "location" : "https://github.com/TranPhuong319/Sparkle.git",
      "state" : {
        "branch" : "add-vietnamese-translation",
        "revision" : "3766ebed4d0fece457b32aae1d1d250db8c1bdc0"
      }
    }
  ],
  "version" : 3
}
