{
  "originHash" : "757de01220bec4a9a3709be83d4a901a8461958b716e0d8aea9f5ebded8702c0",
  "pins" : [
    {
      "identity" : "sparkle",
      "kind" : "remoteSourceControl",
      "location" : "https://github.com/TranPhuong319/Sparkle",
      "state" : {
        "revision" : "bff3db1c6d146d62c0b2d317ca2e22f10240eb7c",
        "version" : "2.8.2"
      }
    }
  ],
  "version" : 3
}
